// !$*UTF8*$!
{
	archiveVersion = 1;
	classes = {
	};
	objectVersion = 46;
	objects = {

/* Begin PBXBuildFile section */
		831005ED1AC6769700B62D19 /* BNRImageStore.m in Sources */ = {isa = PBXBuildFile; fileRef = 831005EC1AC6769700B62D19 /* BNRImageStore.m */; };
		8379D9A41AC4DF790042823D /* BNRItemsViewController.m in Sources */ = {isa = PBXBuildFile; fileRef = 8379D9A31AC4DF790042823D /* BNRItemsViewController.m */; };
		8379D9A71AC4E4500042823D /* BNRItem.m in Sources */ = {isa = PBXBuildFile; fileRef = 8379D9A61AC4E4500042823D /* BNRItem.m */; };
		8379D9AA1AC4E7580042823D /* BNRItemStore.m in Sources */ = {isa = PBXBuildFile; fileRef = 8379D9A91AC4E7580042823D /* BNRItemStore.m */; };
		8379D9AC1AC50B260042823D /* Launch.xib in Resources */ = {isa = PBXBuildFile; fileRef = 8379D9AB1AC50B260042823D /* Launch.xib */; };
		8379D9B21AC537800042823D /* BNRDetailViewController.m in Sources */ = {isa = PBXBuildFile; fileRef = 8379D9B01AC537800042823D /* BNRDetailViewController.m */; };
		8379D9B31AC537800042823D /* BNRDetailViewController.xib in Resources */ = {isa = PBXBuildFile; fileRef = 8379D9B11AC537800042823D /* BNRDetailViewController.xib */; };
		83D691941AC4DD60007991C9 /* main.m in Sources */ = {isa = PBXBuildFile; fileRef = 83D691931AC4DD60007991C9 /* main.m */; };
		83D691971AC4DD60007991C9 /* AppDelegate.m in Sources */ = {isa = PBXBuildFile; fileRef = 83D691961AC4DD60007991C9 /* AppDelegate.m */; };
		83D6919F1AC4DD60007991C9 /* Images.xcassets in Resources */ = {isa = PBXBuildFile; fileRef = 83D6919E1AC4DD60007991C9 /* Images.xcassets */; };
		83D691AE1AC4DD60007991C9 /* HomepwnerTests.m in Sources */ = {isa = PBXBuildFile; fileRef = 83D691AD1AC4DD60007991C9 /* HomepwnerTests.m */; };
/* End PBXBuildFile section */

/* Begin PBXContainerItemProxy section */
		83D691A81AC4DD60007991C9 /* PBXContainerItemProxy */ = {
			isa = PBXContainerItemProxy;
			containerPortal = 83D691861AC4DD60007991C9 /* Project object */;
			proxyType = 1;
			remoteGlobalIDString = 83D6918D1AC4DD60007991C9;
			remoteInfo = Homepwner;
		};
/* End PBXContainerItemProxy section */

/* Begin PBXFileReference section */
		831005EB1AC6769700B62D19 /* BNRImageStore.h */ = {isa = PBXFileReference; fileEncoding = 4; lastKnownFileType = sourcecode.c.h; path = BNRImageStore.h; sourceTree = "<group>"; };
		831005EC1AC6769700B62D19 /* BNRImageStore.m */ = {isa = PBXFileReference; fileEncoding = 4; lastKnownFileType = sourcecode.c.objc; path = BNRImageStore.m; sourceTree = "<group>"; };
		8379D9A21AC4DF790042823D /* BNRItemsViewController.h */ = {isa = PBXFileReference; fileEncoding = 4; lastKnownFileType = sourcecode.c.h; path = BNRItemsViewController.h; sourceTree = "<group>"; };
		8379D9A31AC4DF790042823D /* BNRItemsViewController.m */ = {isa = PBXFileReference; fileEncoding = 4; lastKnownFileType = sourcecode.c.objc; path = BNRItemsViewController.m; sourceTree = "<group>"; };
		8379D9A51AC4E4500042823D /* BNRItem.h */ = {isa = PBXFileReference; fileEncoding = 4; lastKnownFileType = sourcecode.c.h; path = BNRItem.h; sourceTree = "<group>"; };
		8379D9A61AC4E4500042823D /* BNRItem.m */ = {isa = PBXFileReference; fileEncoding = 4; lastKnownFileType = sourcecode.c.objc; path = BNRItem.m; sourceTree = "<group>"; };
		8379D9A81AC4E7580042823D /* BNRItemStore.h */ = {isa = PBXFileReference; fileEncoding = 4; lastKnownFileType = sourcecode.c.h; path = BNRItemStore.h; sourceTree = "<group>"; };
		8379D9A91AC4E7580042823D /* BNRItemStore.m */ = {isa = PBXFileReference; fileEncoding = 4; lastKnownFileType = sourcecode.c.objc; path = BNRItemStore.m; sourceTree = "<group>"; };
		8379D9AB1AC50B260042823D /* Launch.xib */ = {isa = PBXFileReference; fileEncoding = 4; lastKnownFileType = file.xib; path = Launch.xib; sourceTree = "<group>"; };
		8379D9AF1AC537800042823D /* BNRDetailViewController.h */ = {isa = PBXFileReference; fileEncoding = 4; lastKnownFileType = sourcecode.c.h; path = BNRDetailViewController.h; sourceTree = "<group>"; };
		8379D9B01AC537800042823D /* BNRDetailViewController.m */ = {isa = PBXFileReference; fileEncoding = 4; lastKnownFileType = sourcecode.c.objc; path = BNRDetailViewController.m; sourceTree = "<group>"; };
		8379D9B11AC537800042823D /* BNRDetailViewController.xib */ = {isa = PBXFileReference; fileEncoding = 4; lastKnownFileType = file.xib; path = BNRDetailViewController.xib; sourceTree = "<group>"; };
		83B2D0101AC67B840007794E /* Homepwner-Prefix.pch */ = {isa = PBXFileReference; lastKnownFileType = sourcecode.c.h; path = "Homepwner-Prefix.pch"; sourceTree = "<group>"; };
		83D6918E1AC4DD60007991C9 /* Homepwner.app */ = {isa = PBXFileReference; explicitFileType = wrapper.application; includeInIndex = 0; path = Homepwner.app; sourceTree = BUILT_PRODUCTS_DIR; };
		83D691921AC4DD60007991C9 /* Info.plist */ = {isa = PBXFileReference; lastKnownFileType = text.plist.xml; path = Info.plist; sourceTree = "<group>"; };
		83D691931AC4DD60007991C9 /* main.m */ = {isa = PBXFileReference; lastKnownFileType = sourcecode.c.objc; path = main.m; sourceTree = "<group>"; };
		83D691951AC4DD60007991C9 /* AppDelegate.h */ = {isa = PBXFileReference; lastKnownFileType = sourcecode.c.h; path = AppDelegate.h; sourceTree = "<group>"; };
		83D691961AC4DD60007991C9 /* AppDelegate.m */ = {isa = PBXFileReference; lastKnownFileType = sourcecode.c.objc; path = AppDelegate.m; sourceTree = "<group>"; };
		83D6919E1AC4DD60007991C9 /* Images.xcassets */ = {isa = PBXFileReference; lastKnownFileType = folder.assetcatalog; path = Images.xcassets; sourceTree = "<group>"; };
		83D691A71AC4DD60007991C9 /* HomepwnerTests.xctest */ = {isa = PBXFileReference; explicitFileType = wrapper.cfbundle; includeInIndex = 0; path = HomepwnerTests.xctest; sourceTree = BUILT_PRODUCTS_DIR; };
		83D691AC1AC4DD60007991C9 /* Info.plist */ = {isa = PBXFileReference; lastKnownFileType = text.plist.xml; path = Info.plist; sourceTree = "<group>"; };
		83D691AD1AC4DD60007991C9 /* HomepwnerTests.m */ = {isa = PBXFileReference; lastKnownFileType = sourcecode.c.objc; path = HomepwnerTests.m; sourceTree = "<group>"; };
/* End PBXFileReference section */

/* Begin PBXFrameworksBuildPhase section */
		83D6918B1AC4DD60007991C9 /* Frameworks */ = {
			isa = PBXFrameworksBuildPhase;
			buildActionMask = 2147483647;
			files = (
			);
			runOnlyForDeploymentPostprocessing = 0;
		};
		83D691A41AC4DD60007991C9 /* Frameworks */ = {
			isa = PBXFrameworksBuildPhase;
			buildActionMask = 2147483647;
			files = (
			);
			runOnlyForDeploymentPostprocessing = 0;
		};
/* End PBXFrameworksBuildPhase section */

/* Begin PBXGroup section */
		83D691851AC4DD60007991C9 = {
			isa = PBXGroup;
			children = (
				83D691901AC4DD60007991C9 /* Homepwner */,
				83D691AA1AC4DD60007991C9 /* HomepwnerTests */,
				83D6918F1AC4DD60007991C9 /* Products */,
			);
			sourceTree = "<group>";
		};
		83D6918F1AC4DD60007991C9 /* Products */ = {
			isa = PBXGroup;
			children = (
				83D6918E1AC4DD60007991C9 /* Homepwner.app */,
				83D691A71AC4DD60007991C9 /* HomepwnerTests.xctest */,
			);
			name = Products;
			sourceTree = "<group>";
		};
		83D691901AC4DD60007991C9 /* Homepwner */ = {
			isa = PBXGroup;
			children = (
				83D691951AC4DD60007991C9 /* AppDelegate.h */,
				83D691961AC4DD60007991C9 /* AppDelegate.m */,
				8379D9A21AC4DF790042823D /* BNRItemsViewController.h */,
				8379D9A31AC4DF790042823D /* BNRItemsViewController.m */,
				8379D9AF1AC537800042823D /* BNRDetailViewController.h */,
				8379D9B01AC537800042823D /* BNRDetailViewController.m */,
				8379D9B11AC537800042823D /* BNRDetailViewController.xib */,
				8379D9A51AC4E4500042823D /* BNRItem.h */,
				8379D9A61AC4E4500042823D /* BNRItem.m */,
				8379D9A81AC4E7580042823D /* BNRItemStore.h */,
				8379D9A91AC4E7580042823D /* BNRItemStore.m */,
				831005EB1AC6769700B62D19 /* BNRImageStore.h */,
				831005EC1AC6769700B62D19 /* BNRImageStore.m */,
				83D6919E1AC4DD60007991C9 /* Images.xcassets */,
				8379D9AB1AC50B260042823D /* Launch.xib */,
				83D691911AC4DD60007991C9 /* Supporting Files */,
			);
			path = Homepwner;
			sourceTree = "<group>";
		};
		83D691911AC4DD60007991C9 /* Supporting Files */ = {
			isa = PBXGroup;
			children = (
				83B2D0101AC67B840007794E /* Homepwner-Prefix.pch */,
				83D691921AC4DD60007991C9 /* Info.plist */,
				83D691931AC4DD60007991C9 /* main.m */,
			);
			name = "Supporting Files";
			sourceTree = "<group>";
		};
		83D691AA1AC4DD60007991C9 /* HomepwnerTests */ = {
			isa = PBXGroup;
			children = (
				83D691AD1AC4DD60007991C9 /* HomepwnerTests.m */,
				83D691AB1AC4DD60007991C9 /* Supporting Files */,
			);
			path = HomepwnerTests;
			sourceTree = "<group>";
		};
		83D691AB1AC4DD60007991C9 /* Supporting Files */ = {
			isa = PBXGroup;
			children = (
				83D691AC1AC4DD60007991C9 /* Info.plist */,
			);
			name = "Supporting Files";
			sourceTree = "<group>";
		};
/* End PBXGroup section */

/* Begin PBXNativeTarget section */
		83D6918D1AC4DD60007991C9 /* Homepwner */ = {
			isa = PBXNativeTarget;
			buildConfigurationList = 83D691B11AC4DD60007991C9 /* Build configuration list for PBXNativeTarget "Homepwner" */;
			buildPhases = (
				83D6918A1AC4DD60007991C9 /* Sources */,
				83D6918B1AC4DD60007991C9 /* Frameworks */,
				83D6918C1AC4DD60007991C9 /* Resources */,
			);
			buildRules = (
			);
			dependencies = (
			);
			name = Homepwner;
			productName = Homepwner;
			productReference = 83D6918E1AC4DD60007991C9 /* Homepwner.app */;
			productType = "com.apple.product-type.application";
		};
		83D691A61AC4DD60007991C9 /* HomepwnerTests */ = {
			isa = PBXNativeTarget;
			buildConfigurationList = 83D691B41AC4DD60007991C9 /* Build configuration list for PBXNativeTarget "HomepwnerTests" */;
			buildPhases = (
				83D691A31AC4DD60007991C9 /* Sources */,
				83D691A41AC4DD60007991C9 /* Frameworks */,
				83D691A51AC4DD60007991C9 /* Resources */,
			);
			buildRules = (
			);
			dependencies = (
				83D691A91AC4DD60007991C9 /* PBXTargetDependency */,
			);
			name = HomepwnerTests;
			productName = HomepwnerTests;
			productReference = 83D691A71AC4DD60007991C9 /* HomepwnerTests.xctest */;
			productType = "com.apple.product-type.bundle.unit-test";
		};
/* End PBXNativeTarget section */

/* Begin PBXProject section */
		83D691861AC4DD60007991C9 /* Project object */ = {
			isa = PBXProject;
			attributes = {
				LastUpgradeCheck = 0620;
				ORGANIZATIONNAME = "Xiaodong Jiang";
				TargetAttributes = {
					83D6918D1AC4DD60007991C9 = {
						CreatedOnToolsVersion = 6.2;
					};
					83D691A61AC4DD60007991C9 = {
						CreatedOnToolsVersion = 6.2;
						TestTargetID = 83D6918D1AC4DD60007991C9;
					};
				};
			};
			buildConfigurationList = 83D691891AC4DD60007991C9 /* Build configuration list for PBXProject "Homepwner" */;
			compatibilityVersion = "Xcode 3.2";
			developmentRegion = English;
			hasScannedForEncodings = 0;
			knownRegions = (
				en,
				Base,
			);
			mainGroup = 83D691851AC4DD60007991C9;
			productRefGroup = 83D6918F1AC4DD60007991C9 /* Products */;
			projectDirPath = "";
			projectRoot = "";
			targets = (
				83D6918D1AC4DD60007991C9 /* Homepwner */,
				83D691A61AC4DD60007991C9 /* HomepwnerTests */,
			);
		};
/* End PBXProject section */

/* Begin PBXResourcesBuildPhase section */
		83D6918C1AC4DD60007991C9 /* Resources */ = {
			isa = PBXResourcesBuildPhase;
			buildActionMask = 2147483647;
			files = (
				8379D9B31AC537800042823D /* BNRDetailViewController.xib in Resources */,
				8379D9AC1AC50B260042823D /* Launch.xib in Resources */,
				83D6919F1AC4DD60007991C9 /* Images.xcassets in Resources */,
			);
			runOnlyForDeploymentPostprocessing = 0;
		};
		83D691A51AC4DD60007991C9 /* Resources */ = {
			isa = PBXResourcesBuildPhase;
			buildActionMask = 2147483647;
			files = (
			);
			runOnlyForDeploymentPostprocessing = 0;
		};
/* End PBXResourcesBuildPhase section */

/* Begin PBXSourcesBuildPhase section */
		83D6918A1AC4DD60007991C9 /* Sources */ = {
			isa = PBXSourcesBuildPhase;
			buildActionMask = 2147483647;
			files = (
				8379D9B21AC537800042823D /* BNRDetailViewController.m in Sources */,
				8379D9AA1AC4E7580042823D /* BNRItemStore.m in Sources */,
				831005ED1AC6769700B62D19 /* BNRImageStore.m in Sources */,
				8379D9A41AC4DF790042823D /* BNRItemsViewController.m in Sources */,
				8379D9A71AC4E4500042823D /* BNRItem.m in Sources */,
				83D691971AC4DD60007991C9 /* AppDelegate.m in Sources */,
				83D691941AC4DD60007991C9 /* main.m in Sources */,
			);
			runOnlyForDeploymentPostprocessing = 0;
		};
		83D691A31AC4DD60007991C9 /* Sources */ = {
			isa = PBXSourcesBuildPhase;
			buildActionMask = 2147483647;
			files = (
				83D691AE1AC4DD60007991C9 /* HomepwnerTests.m in Sources */,
			);
			runOnlyForDeploymentPostprocessing = 0;
		};
/* End PBXSourcesBuildPhase section */

/* Begin PBXTargetDependency section */
		83D691A91AC4DD60007991C9 /* PBXTargetDependency */ = {
			isa = PBXTargetDependency;
			target = 83D6918D1AC4DD60007991C9 /* Homepwner */;
			targetProxy = 83D691A81AC4DD60007991C9 /* PBXContainerItemProxy */;
		};
/* End PBXTargetDependency section */

/* Begin XCBuildConfiguration section */
		83D691AF1AC4DD60007991C9 /* Debug */ = {
			isa = XCBuildConfiguration;
			buildSettings = {
				ALWAYS_SEARCH_USER_PATHS = NO;
				CLANG_CXX_LANGUAGE_STANDARD = "gnu++0x";
				CLANG_CXX_LIBRARY = "libc++";
				CLANG_ENABLE_MODULES = YES;
				CLANG_ENABLE_OBJC_ARC = YES;
				CLANG_WARN_BOOL_CONVERSION = YES;
				CLANG_WARN_CONSTANT_CONVERSION = YES;
				CLANG_WARN_DIRECT_OBJC_ISA_USAGE = YES_ERROR;
				CLANG_WARN_EMPTY_BODY = YES;
				CLANG_WARN_ENUM_CONVERSION = YES;
				CLANG_WARN_INT_CONVERSION = YES;
				CLANG_WARN_OBJC_ROOT_CLASS = YES_ERROR;
				CLANG_WARN_UNREACHABLE_CODE = YES;
				CLANG_WARN__DUPLICATE_METHOD_MATCH = YES;
				"CODE_SIGN_IDENTITY[sdk=iphoneos*]" = "iPhone Developer";
				COPY_PHASE_STRIP = NO;
				ENABLE_STRICT_OBJC_MSGSEND = YES;
				GCC_C_LANGUAGE_STANDARD = gnu99;
				GCC_DYNAMIC_NO_PIC = NO;
				GCC_OPTIMIZATION_LEVEL = 0;
				GCC_PREPROCESSOR_DEFINITIONS = (
					"DEBUG=1",
					"$(inherited)",
				);
				GCC_SYMBOLS_PRIVATE_EXTERN = NO;
				GCC_WARN_64_TO_32_BIT_CONVERSION = YES;
				GCC_WARN_ABOUT_RETURN_TYPE = YES_ERROR;
				GCC_WARN_UNDECLARED_SELECTOR = YES;
				GCC_WARN_UNINITIALIZED_AUTOS = YES_AGGRESSIVE;
				GCC_WARN_UNUSED_FUNCTION = YES;
				GCC_WARN_UNUSED_VARIABLE = YES;
				IPHONEOS_DEPLOYMENT_TARGET = 8.2;
				MTL_ENABLE_DEBUG_INFO = YES;
				ONLY_ACTIVE_ARCH = YES;
				SDKROOT = iphoneos;
			};
			name = Debug;
		};
		83D691B01AC4DD60007991C9 /* Release */ = {
			isa = XCBuildConfiguration;
			buildSettings = {
				ALWAYS_SEARCH_USER_PATHS = NO;
				CLANG_CXX_LANGUAGE_STANDARD = "gnu++0x";
				CLANG_CXX_LIBRARY = "libc++";
				CLANG_ENABLE_MODULES = YES;
				CLANG_ENABLE_OBJC_ARC = YES;
				CLANG_WARN_BOOL_CONVERSION = YES;
				CLANG_WARN_CONSTANT_CONVERSION = YES;
				CLANG_WARN_DIRECT_OBJC_ISA_USAGE = YES_ERROR;
				CLANG_WARN_EMPTY_BODY = YES;
				CLANG_WARN_ENUM_CONVERSION = YES;
				CLANG_WARN_INT_CONVERSION = YES;
				CLANG_WARN_OBJC_ROOT_CLASS = YES_ERROR;
				CLANG_WARN_UNREACHABLE_CODE = YES;
				CLANG_WARN__DUPLICATE_METHOD_MATCH = YES;
				"CODE_SIGN_IDENTITY[sdk=iphoneos*]" = "iPhone Developer";
				COPY_PHASE_STRIP = NO;
				ENABLE_NS_ASSERTIONS = NO;
				ENABLE_STRICT_OBJC_MSGSEND = YES;
				GCC_C_LANGUAGE_STANDARD = gnu99;
				GCC_WARN_64_TO_32_BIT_CONVERSION = YES;
				GCC_WARN_ABOUT_RETURN_TYPE = YES_ERROR;
				GCC_WARN_UNDECLARED_SELECTOR = YES;
				GCC_WARN_UNINITIALIZED_AUTOS = YES_AGGRESSIVE;
				GCC_WARN_UNUSED_FUNCTION = YES;
				GCC_WARN_UNUSED_VARIABLE = YES;
				IPHONEOS_DEPLOYMENT_TARGET = 8.2;
				MTL_ENABLE_DEBUG_INFO = NO;
				SDKROOT = iphoneos;
				VALIDATE_PRODUCT = YES;
			};
			name = Release;
		};
		83D691B21AC4DD60007991C9 /* Debug */ = {
			isa = XCBuildConfiguration;
			buildSettings = {
				ASSETCATALOG_COMPILER_APPICON_NAME = AppIcon;
				GCC_PRECOMPILE_PREFIX_HEADER = YES;
				GCC_PREFIX_HEADER = "$(SRCROOT)/Homepwner/Homepwner-Prefix.pch";
				INFOPLIST_FILE = Homepwner/Info.plist;
				LD_RUNPATH_SEARCH_PATHS = "$(inherited) @executable_path/Frameworks";
				PRODUCT_NAME = "$(TARGET_NAME)";
				TARGETED_DEVICE_FAMILY = 1;
			};
			name = Debug;
		};
		83D691B31AC4DD60007991C9 /* Release */ = {
			isa = XCBuildConfiguration;
			buildSettings = {
				ASSETCATALOG_COMPILER_APPICON_NAME = AppIcon;
				GCC_PRECOMPILE_PREFIX_HEADER = YES;
				GCC_PREFIX_HEADER = "$(SRCROOT)/Homepwner/Homepwner-Prefix.pch";
				INFOPLIST_FILE = Homepwner/Info.plist;
				LD_RUNPATH_SEARCH_PATHS = "$(inherited) @executable_path/Frameworks";
				PRODUCT_NAME = "$(TARGET_NAME)";
				TARGETED_DEVICE_FAMILY = 1;
			};
			name = Release;
		};
		83D691B51AC4DD60007991C9 /* Debug */ = {
			isa = XCBuildConfiguration;
			buildSettings = {
				BUNDLE_LOADER = "$(TEST_HOST)";
				FRAMEWORK_SEARCH_PATHS = (
					"$(SDKROOT)/Developer/Library/Frameworks",
					"$(inherited)",
				);
				GCC_PREPROCESSOR_DEFINITIONS = (
					"DEBUG=1",
					"$(inherited)",
				);
				INFOPLIST_FILE = HomepwnerTests/Info.plist;
				LD_RUNPATH_SEARCH_PATHS = "$(inherited) @executable_path/Frameworks @loader_path/Frameworks";
				PRODUCT_NAME = "$(TARGET_NAME)";
				TEST_HOST = "$(BUILT_PRODUCTS_DIR)/Homepwner.app/Homepwner";
			};
			name = Debug;
		};
		83D691B61AC4DD60007991C9 /* Release */ = {
			isa = XCBuildConfiguration;
			buildSettings = {
				BUNDLE_LOADER = "$(TEST_HOST)";
				FRAMEWORK_SEARCH_PATHS = (
					"$(SDKROOT)/Developer/Library/Frameworks",
					"$(inherited)",
				);
				INFOPLIST_FILE = HomepwnerTests/Info.plist;
				LD_RUNPATH_SEARCH_PATHS = "$(inherited) @executable_path/Frameworks @loader_path/Frameworks";
				PRODUCT_NAME = "$(TARGET_NAME)";
				TEST_HOST = "$(BUILT_PRODUCTS_DIR)/Homepwner.app/Homepwner";
			};
			name = Release;
		};
/* End XCBuildConfiguration section */

/* Begin XCConfigurationList section */
		83D691891AC4DD60007991C9 /* Build configuration list for PBXProject "Homepwner" */ = {
			isa = XCConfigurationList;
			buildConfigurations = (
				83D691AF1AC4DD60007991C9 /* Debug */,
				83D691B01AC4DD60007991C9 /* Release */,
			);
			defaultConfigurationIsVisible = 0;
			defaultConfigurationName = Release;
		};
		83D691B11AC4DD60007991C9 /* Build configuration list for PBXNativeTarget "Homepwner" */ = {
			isa = XCConfigurationList;
			buildConfigurations = (
				83D691B21AC4DD60007991C9 /* Debug */,
				83D691B31AC4DD60007991C9 /* Release */,
			);
			defaultConfigurationIsVisible = 0;
			defaultConfigurationName = Release;
		};
		83D691B41AC4DD60007991C9 /* Build configuration list for PBXNativeTarget "HomepwnerTests" */ = {
			isa = XCConfigurationList;
			buildConfigurations = (
				83D691B51AC4DD60007991C9 /* Debug */,
				83D691B61AC4DD60007991C9 /* Release */,
			);
			defaultConfigurationIsVisible = 0;
			defaultConfigurationName = Release;
		};
/* End XCConfigurationList section */
	};
	rootObject = 83D691861AC4DD60007991C9 /* Project object */;
}
